
Microsoft Visual Studio Solution File, Format Version 12.00
# Visual Studio Version 17
VisualStudioVersion = 17.7.34003.232
MinimumVisualStudioVersion = 10.0.40219.1
Project("{FAE04EC0-301F-11D3-BF4B-00C04F79EFBC}") = "WebApp2", "WebApp2\WebApp2.csproj", "{29EBEDDE-9FAA-4703-A325-4818515A21E4}"
EndProject
Global
	GlobalSection(SolutionConfigurationPlatforms) = preSolution
		Debug|Any CPU = Debug|Any CPU
		Release|Any CPU = Release|Any CPU
	EndGlobalSection
	GlobalSection(ProjectConfigurationPlatforms) = postSolution
		{29EBEDDE-9FAA-4703-A325-4818515A21E4}.Debug|Any CPU.ActiveCfg = Debug|Any CPU
		{29EBEDDE-9FAA-4703-A325-4818515A21E4}.Debug|Any CPU.Build.0 = Debug|Any CPU
		{29EBEDDE-9FAA-4703-A325-4818515A21E4}.Release|Any CPU.ActiveCfg = Release|Any CPU
		{29EBEDDE-9FAA-4703-A325-4818515A21E4}.Release|Any CPU.Build.0 = Release|Any CPU
	EndGlobalSection
	GlobalSection(SolutionProperties) = preSolution
		HideSolutionNode = FALSE
	EndGlobalSection
	GlobalSection(ExtensibilityGlobals) = postSolution
		SolutionGuid = {21E316C6-B5C9-48AD-82E8-011B1377838B}
	EndGlobalSection
EndGlobal
